
Microsoft Visual Studio Solution File, Format Version 12.00
# Visual Studio 15
VisualStudioVersion = 15.0.28307.168
MinimumVisualStudioVersion = 10.0.40219.1
Project("{FAE04EC0-301F-11D3-BF4B-00C04F79EFBC}") = "BlueTest.Android", "BlueTest\BlueTest.Android\BlueTest.Android.csproj", "{CB70EC48-321C-4E8B-9194-3A075BF6C6AF}"
EndProject
Project("{9A19103F-16F7-4668-BE54-9A1E7A4F7556}") = "BlueTest", "BlueTest\BlueTest\BlueTest.csproj", "{22CCCA3E-A0AA-4E7A-9CF8-5EDF9E280FD5}"
EndProject
Global
	GlobalSection(SolutionConfigurationPlatforms) = preSolution
		Ad-Hoc|Any CPU = Ad-Hoc|Any CPU
		Ad-Hoc|iPhone = Ad-Hoc|iPhone
		Ad-Hoc|iPhoneSimulator = Ad-Hoc|iPhoneSimulator
		AppStore|Any CPU = AppStore|Any CPU
		AppStore|iPhone = AppStore|iPhone
		AppStore|iPhoneSimulator = AppStore|iPhoneSimulator
		Debug|Any CPU = Debug|Any CPU
		Debug|iPhone = Debug|iPhone
		Debug|iPhoneSimulator = Debug|iPhoneSimulator
		Release|Any CPU = Release|Any CPU
		Release|iPhone = Release|iPhone
		Release|iPhoneSimulator = Release|iPhoneSimulator
	EndGlobalSection
	GlobalSection(ProjectConfigurationPlatforms) = postSolution
		{CB70EC48-321C-4E8B-9194-3A075BF6C6AF}.Ad-Hoc|Any CPU.ActiveCfg = Release|Any CPU
		{CB70EC48-321C-4E8B-9194-3A075BF6C6AF}.Ad-Hoc|Any CPU.Build.0 = Release|Any CPU
		{CB70EC48-321C-4E8B-9194-3A075BF6C6AF}.Ad-Hoc|Any CPU.Deploy.0 = Release|Any CPU
		{CB70EC48-321C-4E8B-9194-3A075BF6C6AF}.Ad-Hoc|iPhone.ActiveCfg = Release|Any CPU
		{CB70EC48-321C-4E8B-9194-3A075BF6C6AF}.Ad-Hoc|iPhone.Build.0 = Release|Any CPU
		{CB70EC48-321C-4E8B-9194-3A075BF6C6AF}.Ad-Hoc|iPhone.Deploy.0 = Release|Any CPU
		{CB70EC48-321C-4E8B-9194-3A075BF6C6AF}.Ad-Hoc|iPhoneSimulator.ActiveCfg = Release|Any CPU
		{CB70EC48-321C-4E8B-9194-3A075BF6C6AF}.Ad-Hoc|iPhoneSimulator.Build.0 = Release|Any CPU
		{CB70EC48-321C-4E8B-9194-3A075BF6C6AF}.Ad-Hoc|iPhoneSimulator.Deploy.0 = Release|Any CPU
		{CB70EC48-321C-4E8B-9194-3A075BF6C6AF}.AppStore|Any CPU.ActiveCfg = Release|Any CPU
		{CB70EC48-321C-4E8B-9194-3A075BF6C6AF}.AppStore|Any CPU.Build.0 = Release|Any CPU
		{CB70EC48-321C-4E8B-9194-3A075BF6C6AF}.AppStore|Any CPU.Deploy.0 = Release|Any CPU
		{CB70EC48-321C-4E8B-9194-3A075BF6C6AF}.AppStore|iPhone.ActiveCfg = Release|Any CPU
		{CB70EC48-321C-4E8B-9194-3A075BF6C6AF}.AppStore|iPhone.Build.0 = Release|Any CPU
		{CB70EC48-321C-4E8B-9194-3A075BF6C6AF}.AppStore|iPhone.Deploy.0 = Release|Any CPU
		{CB70EC48-321C-4E8B-9194-3A075BF6C6AF}.AppStore|iPhoneSimulator.ActiveCfg = Release|Any CPU
		{CB70EC48-321C-4E8B-9194-3A075BF6C6AF}.AppStore|iPhoneSimulator.Build.0 = Release|Any CPU
		{CB70EC48-321C-4E8B-9194-3A075BF6C6AF}.AppStore|iPhoneSimulator.Deploy.0 = Release|Any CPU
		{CB70EC48-321C-4E8B-9194-3A075BF6C6AF}.Debug|Any CPU.ActiveCfg = Debug|Any CPU
		{CB70EC48-321C-4E8B-9194-3A075BF6C6AF}.Debug|Any CPU.Build.0 = Debug|Any CPU
		{CB70EC48-321C-4E8B-9194-3A075BF6C6AF}.Debug|Any CPU.Deploy.0 = Debug|Any CPU
		{CB70EC48-321C-4E8B-9194-3A075BF6C6AF}.Debug|iPhone.ActiveCfg = Debug|Any CPU
		{CB70EC48-321C-4E8B-9194-3A075BF6C6AF}.Debug|iPhone.Build.0 = Debug|Any CPU
		{CB70EC48-321C-4E8B-9194-3A075BF6C6AF}.Debug|iPhone.Deploy.0 = Debug|Any CPU
		{CB70EC48-321C-4E8B-9194-3A075BF6C6AF}.Debug|iPhoneSimulator.ActiveCfg = Debug|Any CPU
		{CB70EC48-321C-4E8B-9194-3A075BF6C6AF}.Debug|iPhoneSimulator.Build.0 = Debug|Any CPU
		{CB70EC48-321C-4E8B-9194-3A075BF6C6AF}.Debug|iPhoneSimulator.Deploy.0 = Debug|Any CPU
		{CB70EC48-321C-4E8B-9194-3A075BF6C6AF}.Release|Any CPU.ActiveCfg = Release|Any CPU
		{CB70EC48-321C-4E8B-9194-3A075BF6C6AF}.Release|Any CPU.Build.0 = Release|Any CPU
		{CB70EC48-321C-4E8B-9194-3A075BF6C6AF}.Release|Any CPU.Deploy.0 = Release|Any CPU
		{CB70EC48-321C-4E8B-9194-3A075BF6C6AF}.Release|iPhone.ActiveCfg = Release|Any CPU
		{CB70EC48-321C-4E8B-9194-3A075BF6C6AF}.Release|iPhone.Build.0 = Release|Any CPU
		{CB70EC48-321C-4E8B-9194-3A075BF6C6AF}.Release|iPhone.Deploy.0 = Release|Any CPU
		{CB70EC48-321C-4E8B-9194-3A075BF6C6AF}.Release|iPhoneSimulator.ActiveCfg = Release|Any CPU
		{CB70EC48-321C-4E8B-9194-3A075BF6C6AF}.Release|iPhoneSimulator.Build.0 = Release|Any CPU
		{CB70EC48-321C-4E8B-9194-3A075BF6C6AF}.Release|iPhoneSimulator.Deploy.0 = Release|Any CPU
		{22CCCA3E-A0AA-4E7A-9CF8-5EDF9E280FD5}.Ad-Hoc|Any CPU.ActiveCfg = Debug|Any CPU
		{22CCCA3E-A0AA-4E7A-9CF8-5EDF9E280FD5}.Ad-Hoc|Any CPU.Build.0 = Debug|Any CPU
		{22CCCA3E-A0AA-4E7A-9CF8-5EDF9E280FD5}.Ad-Hoc|Any CPU.Deploy.0 = Debug|Any CPU
		{22CCCA3E-A0AA-4E7A-9CF8-5EDF9E280FD5}.Ad-Hoc|iPhone.ActiveCfg = Debug|Any CPU
		{22CCCA3E-A0AA-4E7A-9CF8-5EDF9E280FD5}.Ad-Hoc|iPhone.Build.0 = Debug|Any CPU
		{22CCCA3E-A0AA-4E7A-9CF8-5EDF9E280FD5}.Ad-Hoc|iPhone.Deploy.0 = Debug|Any CPU
		{22CCCA3E-A0AA-4E7A-9CF8-5EDF9E280FD5}.Ad-Hoc|iPhoneSimulator.ActiveCfg = Debug|Any CPU
		{22CCCA3E-A0AA-4E7A-9CF8-5EDF9E280FD5}.Ad-Hoc|iPhoneSimulator.Build.0 = Debug|Any CPU
		{22CCCA3E-A0AA-4E7A-9CF8-5EDF9E280FD5}.Ad-Hoc|iPhoneSimulator.Deploy.0 = Debug|Any CPU
		{22CCCA3E-A0AA-4E7A-9CF8-5EDF9E280FD5}.AppStore|Any CPU.ActiveCfg = Debug|Any CPU
		{22CCCA3E-A0AA-4E7A-9CF8-5EDF9E280FD5}.AppStore|Any CPU.Build.0 = Debug|Any CPU
		{22CCCA3E-A0AA-4E7A-9CF8-5EDF9E280FD5}.AppStore|Any CPU.Deploy.0 = Debug|Any CPU
		{22CCCA3E-A0AA-4E7A-9CF8-5EDF9E280FD5}.AppStore|iPhone.ActiveCfg = Debug|Any CPU
		{22CCCA3E-A0AA-4E7A-9CF8-5EDF9E280FD5}.AppStore|iPhone.Build.0 = Debug|Any CPU
		{22CCCA3E-A0AA-4E7A-9CF8-5EDF9E280FD5}.AppStore|iPhone.Deploy.0 = Debug|Any CPU
		{22CCCA3E-A0AA-4E7A-9CF8-5EDF9E280FD5}.AppStore|iPhoneSimulator.ActiveCfg = Debug|Any CPU
		{22CCCA3E-A0AA-4E7A-9CF8-5EDF9E280FD5}.AppStore|iPhoneSimulator.Build.0 = Debug|Any CPU
		{22CCCA3E-A0AA-4E7A-9CF8-5EDF9E280FD5}.AppStore|iPhoneSimulator.Deploy.0 = Debug|Any CPU
		{22CCCA3E-A0AA-4E7A-9CF8-5EDF9E280FD5}.Debug|Any CPU.ActiveCfg = Debug|Any CPU
		{22CCCA3E-A0AA-4E7A-9CF8-5EDF9E280FD5}.Debug|Any CPU.Build.0 = Debug|Any CPU
		{22CCCA3E-A0AA-4E7A-9CF8-5EDF9E280FD5}.Debug|Any CPU.Deploy.0 = Debug|Any CPU
		{22CCCA3E-A0AA-4E7A-9CF8-5EDF9E280FD5}.Debug|iPhone.ActiveCfg = Debug|Any CPU
		{22CCCA3E-A0AA-4E7A-9CF8-5EDF9E280FD5}.Debug|iPhone.Build.0 = Debug|Any CPU
		{22CCCA3E-A0AA-4E7A-9CF8-5EDF9E280FD5}.Debug|iPhone.Deploy.0 = Debug|Any CPU
		{22CCCA3E-A0AA-4E7A-9CF8-5EDF9E280FD5}.Debug|iPhoneSimulator.ActiveCfg = Debug|Any CPU
		{22CCCA3E-A0AA-4E7A-9CF8-5EDF9E280FD5}.Debug|iPhoneSimulator.Build.0 = Debug|Any CPU
		{22CCCA3E-A0AA-4E7A-9CF8-5EDF9E280FD5}.Debug|iPhoneSimulator.Deploy.0 = Debug|Any CPU
		{22CCCA3E-A0AA-4E7A-9CF8-5EDF9E280FD5}.Release|Any CPU.ActiveCfg = Release|Any CPU
		{22CCCA3E-A0AA-4E7A-9CF8-5EDF9E280FD5}.Release|Any CPU.Build.0 = Release|Any CPU
		{22CCCA3E-A0AA-4E7A-9CF8-5EDF9E280FD5}.Release|Any CPU.Deploy.0 = Release|Any CPU
		{22CCCA3E-A0AA-4E7A-9CF8-5EDF9E280FD5}.Release|iPhone.ActiveCfg = Release|Any CPU
		{22CCCA3E-A0AA-4E7A-9CF8-5EDF9E280FD5}.Release|iPhone.Build.0 = Release|Any CPU
		{22CCCA3E-A0AA-4E7A-9CF8-5EDF9E280FD5}.Release|iPhone.Deploy.0 = Release|Any CPU
		{22CCCA3E-A0AA-4E7A-9CF8-5EDF9E280FD5}.Release|iPhoneSimulator.ActiveCfg = Release|Any CPU
		{22CCCA3E-A0AA-4E7A-9CF8-5EDF9E280FD5}.Release|iPhoneSimulator.Build.0 = Release|Any CPU
		{22CCCA3E-A0AA-4E7A-9CF8-5EDF9E280FD5}.Release|iPhoneSimulator.Deploy.0 = Release|Any CPU
	EndGlobalSection
	GlobalSection(SolutionProperties) = preSolution
		HideSolutionNode = FALSE
	EndGlobalSection
	GlobalSection(ExtensibilityGlobals) = postSolution
		SolutionGuid = {C8026CA6-CF9A-495B-BF26-15AF1D3A16DA}
	EndGlobalSection
EndGlobal
